
Microsoft Visual Studio Solution File, Format Version 12.00
# Visual Studio Version 17
VisualStudioVersion = 17.9.34622.214
MinimumVisualStudioVersion = 10.0.40219.1
Project("{F184B08F-C81C-45F6-A57F-5ABD9991F28F}") = "798calculator", "798calculator\798calculator.vbproj", "{B9E5F7E1-8B10-4094-8261-746017331FF0}"
EndProject
Global
	GlobalSection(SolutionConfigurationPlatforms) = preSolution
		Debug|Any CPU = Debug|Any CPU
		Release|Any CPU = Release|Any CPU
	EndGlobalSection
	GlobalSection(ProjectConfigurationPlatforms) = postSolution
		{B9E5F7E1-8B10-4094-8261-746017331FF0}.Debug|Any CPU.ActiveCfg = Debug|Any CPU
		{B9E5F7E1-8B10-4094-8261-746017331FF0}.Debug|Any CPU.Build.0 = Debug|Any CPU
		{B9E5F7E1-8B10-4094-8261-746017331FF0}.Release|Any CPU.ActiveCfg = Release|Any CPU
		{B9E5F7E1-8B10-4094-8261-746017331FF0}.Release|Any CPU.Build.0 = Release|Any CPU
	EndGlobalSection
	GlobalSection(SolutionProperties) = preSolution
		HideSolutionNode = FALSE
	EndGlobalSection
	GlobalSection(ExtensibilityGlobals) = postSolution
		SolutionGuid = {28D7BD6A-CACD-4C10-84E3-871429F469C9}
	EndGlobalSection
EndGlobal
